// !$*UTF8*$!
{
	archiveVersion = 1;
	classes = {
	};
	objectVersion = 42;
	objects = {

/* Begin PBXFileReference section */
		5E64D4271361A557004B0099 /* home.js */ = {isa = PBXFileReference; fileEncoding = 4; lastKnownFileType = sourcecode.javascript; path = home.js; sourceTree = "<group>"; };
		5E64D4281361A557004B0099 /* test.js */ = {isa = PBXFileReference; fileEncoding = 4; lastKnownFileType = sourcecode.javascript; path = test.js; sourceTree = "<group>"; };
		5E64D6EC1366FC63004B0099 /* settings.js */ = {isa = PBXFileReference; fileEncoding = 4; lastKnownFileType = sourcecode.javascript; path = settings.js; sourceTree = "<group>"; };
		5E64D72913671B39004B0099 /* utils.js */ = {isa = PBXFileReference; fileEncoding = 4; lastKnownFileType = sourcecode.javascript; path = utils.js; sourceTree = "<group>"; };
		5E6E60C31359B9F7001BBCBB /* index.js */ = {isa = PBXFileReference; fileEncoding = 4; lastKnownFileType = sourcecode.javascript; path = index.js; sourceTree = "<group>"; };
/* End PBXFileReference section */

/* Begin PBXGroup section */
		5E64D4261361A557004B0099 /* app */ = {
			isa = PBXGroup;
			children = (
				5E64D4271361A557004B0099 /* home.js */,
				5E64D4281361A557004B0099 /* test.js */,
			);
			path = app;
			sourceTree = "<group>";
		};
		5E6E60A31359B98D001BBCBB = {
			isa = PBXGroup;
			children = (
				5E64D72913671B39004B0099 /* utils.js */,
				5E64D6EC1366FC63004B0099 /* settings.js */,
				5E64D4261361A557004B0099 /* app */,
				5E6E60C31359B9F7001BBCBB /* index.js */,
			);
			sourceTree = "<group>";
		};
/* End PBXGroup section */

/* Begin PBXProject section */
		5E6E60A51359B98D001BBCBB /* Project object */ = {
			isa = PBXProject;
			buildConfigurationList = 5E6E60A81359B98D001BBCBB /* Build configuration list for PBXProject "88" */;
			compatibilityVersion = "Xcode 2.4";
			developmentRegion = English;
			hasScannedForEncodings = 0;
			knownRegions = (
				English,
				Japanese,
				French,
				German,
			);
			mainGroup = 5E6E60A31359B98D001BBCBB;
			projectDirPath = "";
			projectRoot = "";
			targets = (
			);
		};
/* End PBXProject section */

/* Begin XCBuildConfiguration section */
		5E6E60A61359B98D001BBCBB /* Debug */ = {
			isa = XCBuildConfiguration;
			buildSettings = {
				COPY_PHASE_STRIP = NO;
			};
			name = Debug;
		};
		5E6E60A71359B98D001BBCBB /* Release */ = {
			isa = XCBuildConfiguration;
			buildSettings = {
				COPY_PHASE_STRIP = YES;
			};
			name = Release;
		};
/* End XCBuildConfiguration section */

/* Begin XCConfigurationList section */
		5E6E60A81359B98D001BBCBB /* Build configuration list for PBXProject "88" */ = {
			isa = XCConfigurationList;
			buildConfigurations = (
				5E6E60A61359B98D001BBCBB /* Debug */,
				5E6E60A71359B98D001BBCBB /* Release */,
			);
			defaultConfigurationIsVisible = 0;
			defaultConfigurationName = Release;
		};
/* End XCConfigurationList section */
	};
	rootObject = 5E6E60A51359B98D001BBCBB /* Project object */;
}
